# Generated by pub
# See http://pub.dartlang.org/doc/glossary.html#lockfile

{"packages":{"unittest":{"version":"0.4.0","source":"hosted","description":"unittest"},"dartlero":{"version":"0.0.7","source":"git","description":{"url":"https://github.com/dzenanr/dartlero","ref":null,"resolved-ref":"269ac48d47bcd388785f6953e8429889c3d94045"}},"meta":{"version":"0.4.0","source":"hosted","description":"meta"}}}
